// !$*UTF8*$!
{
	archiveVersion = 1;
	classes = {
	};
	objectVersion = 55;
	objects = {

/* Begin PBXBuildFile section */
		115173D927DCE39D00F6361B /* ExNSAttributedString.swift in Sources */ = {isa = PBXBuildFile; fileRef = 115173D827DCE39D00F6361B /* ExNSAttributedString.swift */; };
		117A7B0C27DA2AED00CB62F4 /* AppDelegate.swift in Sources */ = {isa = PBXBuildFile; fileRef = 117A7B0B27DA2AED00CB62F4 /* AppDelegate.swift */; };
		117A7B0E27DA2AED00CB62F4 /* SceneDelegate.swift in Sources */ = {isa = PBXBuildFile; fileRef = 117A7B0D27DA2AED00CB62F4 /* SceneDelegate.swift */; };
		117A7B1027DA2AED00CB62F4 /* ViewController.swift in Sources */ = {isa = PBXBuildFile; fileRef = 117A7B0F27DA2AED00CB62F4 /* ViewController.swift */; };
		117A7B1527DA2AEF00CB62F4 /* Assets.xcassets in Resources */ = {isa = PBXBuildFile; fileRef = 117A7B1427DA2AEF00CB62F4 /* Assets.xcassets */; };
		117A7B2627DB65D300CB62F4 /* Nunito.ttf in Resources */ = {isa = PBXBuildFile; fileRef = 117A7B2427DB65D300CB62F4 /* Nunito.ttf */; };
		117A7B2727DB65D300CB62F4 /* Nunito-Italic.ttf in Resources */ = {isa = PBXBuildFile; fileRef = 117A7B2527DB65D300CB62F4 /* Nunito-Italic.ttf */; };
		69B41BEDC17892A00D317420 /* Pods_ClubHouseSnapPractice.framework in Frameworks */ = {isa = PBXBuildFile; fileRef = 0523A192F75B8096BED69A25 /* Pods_ClubHouseSnapPractice.framework */; };
/* End PBXBuildFile section */

/* Begin PBXFileReference section */
		0523A192F75B8096BED69A25 /* Pods_ClubHouseSnapPractice.framework */ = {isa = PBXFileReference; explicitFileType = wrapper.framework; includeInIndex = 0; path = Pods_ClubHouseSnapPractice.framework; sourceTree = BUILT_PRODUCTS_DIR; };
		115173D827DCE39D00F6361B /* ExNSAttributedString.swift */ = {isa = PBXFileReference; lastKnownFileType = sourcecode.swift; path = ExNSAttributedString.swift; sourceTree = "<group>"; };
		115173DA27DCF7FB00F6361B /* .gitignore.md */ = {isa = PBXFileReference; lastKnownFileType = net.daringfireball.markdown; path = .gitignore.md; sourceTree = "<group>"; };
		117A7B0827DA2AED00CB62F4 /* ClubHouseSnapPractice.app */ = {isa = PBXFileReference; explicitFileType = wrapper.application; includeInIndex = 0; path = ClubHouseSnapPractice.app; sourceTree = BUILT_PRODUCTS_DIR; };
		117A7B0B27DA2AED00CB62F4 /* AppDelegate.swift */ = {isa = PBXFileReference; lastKnownFileType = sourcecode.swift; path = AppDelegate.swift; sourceTree = "<group>"; };
		117A7B0D27DA2AED00CB62F4 /* SceneDelegate.swift */ = {isa = PBXFileReference; lastKnownFileType = sourcecode.swift; path = SceneDelegate.swift; sourceTree = "<group>"; };
		117A7B0F27DA2AED00CB62F4 /* ViewController.swift */ = {isa = PBXFileReference; lastKnownFileType = sourcecode.swift; path = ViewController.swift; sourceTree = "<group>"; };
		117A7B1427DA2AEF00CB62F4 /* Assets.xcassets */ = {isa = PBXFileReference; lastKnownFileType = folder.assetcatalog; path = Assets.xcassets; sourceTree = "<group>"; };
		117A7B1927DA2AEF00CB62F4 /* Info.plist */ = {isa = PBXFileReference; lastKnownFileType = text.plist.xml; path = Info.plist; sourceTree = "<group>"; };
		117A7B2427DB65D300CB62F4 /* Nunito.ttf */ = {isa = PBXFileReference; lastKnownFileType = file; path = Nunito.ttf; sourceTree = "<group>"; };
		117A7B2527DB65D300CB62F4 /* Nunito-Italic.ttf */ = {isa = PBXFileReference; lastKnownFileType = file; path = "Nunito-Italic.ttf"; sourceTree = "<group>"; };
		1363B860778CD788A054C690 /* Pods-ClubHouseSnapPractice.release.xcconfig */ = {isa = PBXFileReference; includeInIndex = 1; lastKnownFileType = text.xcconfig; name = "Pods-ClubHouseSnapPractice.release.xcconfig"; path = "Target Support Files/Pods-ClubHouseSnapPractice/Pods-ClubHouseSnapPractice.release.xcconfig"; sourceTree = "<group>"; };
		911729AD8651E6E110EE4910 /* Pods-ClubHouseSnapPractice.debug.xcconfig */ = {isa = PBXFileReference; includeInIndex = 1; lastKnownFileType = text.xcconfig; name = "Pods-ClubHouseSnapPractice.debug.xcconfig"; path = "Target Support Files/Pods-ClubHouseSnapPractice/Pods-ClubHouseSnapPractice.debug.xcconfig"; sourceTree = "<group>"; };
/* End PBXFileReference section */

/* Begin PBXFrameworksBuildPhase section */
		117A7B0527DA2AED00CB62F4 /* Frameworks */ = {
			isa = PBXFrameworksBuildPhase;
			buildActionMask = 2147483647;
			files = (
				69B41BEDC17892A00D317420 /* Pods_ClubHouseSnapPractice.framework in Frameworks */,
			);
			runOnlyForDeploymentPostprocessing = 0;
		};
/* End PBXFrameworksBuildPhase section */

/* Begin PBXGroup section */
		117A7AFF27DA2AED00CB62F4 = {
			isa = PBXGroup;
			children = (
				117A7B0A27DA2AED00CB62F4 /* ClubHouseSnapPractice */,
				117A7B0927DA2AED00CB62F4 /* Products */,
				27B5CDB02003325E47777343 /* Pods */,
				6E98D5D0EEFF8BE3639F599A /* Frameworks */,
			);
			sourceTree = "<group>";
		};
		117A7B0927DA2AED00CB62F4 /* Products */ = {
			isa = PBXGroup;
			children = (
				117A7B0827DA2AED00CB62F4 /* ClubHouseSnapPractice.app */,
			);
			name = Products;
			sourceTree = "<group>";
		};
		117A7B0A27DA2AED00CB62F4 /* ClubHouseSnapPractice */ = {
			isa = PBXGroup;
			children = (
				117A7B1F27DB609F00CB62F4 /* font */,
				117A7B0B27DA2AED00CB62F4 /* AppDelegate.swift */,
				117A7B0D27DA2AED00CB62F4 /* SceneDelegate.swift */,
				117A7B0F27DA2AED00CB62F4 /* ViewController.swift */,
				117A7B1427DA2AEF00CB62F4 /* Assets.xcassets */,
				117A7B1927DA2AEF00CB62F4 /* Info.plist */,
				115173D827DCE39D00F6361B /* ExNSAttributedString.swift */,
				115173DA27DCF7FB00F6361B /* .gitignore.md */,
			);
			path = ClubHouseSnapPractice;
			sourceTree = "<group>";
		};
		117A7B1F27DB609F00CB62F4 /* font */ = {
			isa = PBXGroup;
			children = (
				117A7B2527DB65D300CB62F4 /* Nunito-Italic.ttf */,
				117A7B2427DB65D300CB62F4 /* Nunito.ttf */,
			);
			path = font;
			sourceTree = "<group>";
		};
		27B5CDB02003325E47777343 /* Pods */ = {
			isa = PBXGroup;
			children = (
				911729AD8651E6E110EE4910 /* Pods-ClubHouseSnapPractice.debug.xcconfig */,
				1363B860778CD788A054C690 /* Pods-ClubHouseSnapPractice.release.xcconfig */,
			);
			path = Pods;
			sourceTree = "<group>";
		};
		6E98D5D0EEFF8BE3639F599A /* Frameworks */ = {
			isa = PBXGroup;
			children = (
				0523A192F75B8096BED69A25 /* Pods_ClubHouseSnapPractice.framework */,
			);
			name = Frameworks;
			sourceTree = "<group>";
		};
/* End PBXGroup section */

/* Begin PBXNativeTarget section */
		117A7B0727DA2AED00CB62F4 /* ClubHouseSnapPractice */ = {
			isa = PBXNativeTarget;
			buildConfigurationList = 117A7B1C27DA2AEF00CB62F4 /* Build configuration list for PBXNativeTarget "ClubHouseSnapPractice" */;
			buildPhases = (
				CF70DE517E6D496687931A7C /* [CP] Check Pods Manifest.lock */,
				117A7B0427DA2AED00CB62F4 /* Sources */,
				117A7B0527DA2AED00CB62F4 /* Frameworks */,
				117A7B0627DA2AED00CB62F4 /* Resources */,
				116260BE50E5D5D01477905F /* [CP] Embed Pods Frameworks */,
			);
			buildRules = (
			);
			dependencies = (
			);
			name = ClubHouseSnapPractice;
			productName = ClubHouseSnapPractice;
			productReference = 117A7B0827DA2AED00CB62F4 /* ClubHouseSnapPractice.app */;
			productType = "com.apple.product-type.application";
		};
/* End PBXNativeTarget section */

/* Begin PBXProject section */
		117A7B0027DA2AED00CB62F4 /* Project object */ = {
			isa = PBXProject;
			attributes = {
				BuildIndependentTargetsInParallel = 1;
				LastSwiftUpdateCheck = 1320;
				LastUpgradeCheck = 1320;
				TargetAttributes = {
					117A7B0727DA2AED00CB62F4 = {
						CreatedOnToolsVersion = 13.2.1;
					};
				};
			};
			buildConfigurationList = 117A7B0327DA2AED00CB62F4 /* Build configuration list for PBXProject "ClubHouseSnapPractice" */;
			compatibilityVersion = "Xcode 13.0";
			developmentRegion = en;
			hasScannedForEncodings = 0;
			knownRegions = (
				en,
				Base,
			);
			mainGroup = 117A7AFF27DA2AED00CB62F4;
			productRefGroup = 117A7B0927DA2AED00CB62F4 /* Products */;
			projectDirPath = "";
			projectRoot = "";
			targets = (
				117A7B0727DA2AED00CB62F4 /* ClubHouseSnapPractice */,
			);
		};
/* End PBXProject section */

/* Begin PBXResourcesBuildPhase section */
		117A7B0627DA2AED00CB62F4 /* Resources */ = {
			isa = PBXResourcesBuildPhase;
			buildActionMask = 2147483647;
			files = (
				117A7B2627DB65D300CB62F4 /* Nunito.ttf in Resources */,
				117A7B2727DB65D300CB62F4 /* Nunito-Italic.ttf in Resources */,
				117A7B1527DA2AEF00CB62F4 /* Assets.xcassets in Resources */,
			);
			runOnlyForDeploymentPostprocessing = 0;
		};
/* End PBXResourcesBuildPhase section */

/* Begin PBXShellScriptBuildPhase section */
		116260BE50E5D5D01477905F /* [CP] Embed Pods Frameworks */ = {
			isa = PBXShellScriptBuildPhase;
			buildActionMask = 2147483647;
			files = (
			);
			inputFileListPaths = (
				"${PODS_ROOT}/Target Support Files/Pods-ClubHouseSnapPractice/Pods-ClubHouseSnapPractice-frameworks-${CONFIGURATION}-input-files.xcfilelist",
			);
			name = "[CP] Embed Pods Frameworks";
			outputFileListPaths = (
				"${PODS_ROOT}/Target Support Files/Pods-ClubHouseSnapPractice/Pods-ClubHouseSnapPractice-frameworks-${CONFIGURATION}-output-files.xcfilelist",
			);
			runOnlyForDeploymentPostprocessing = 0;
			shellPath = /bin/sh;
			shellScript = "\"${PODS_ROOT}/Target Support Files/Pods-ClubHouseSnapPractice/Pods-ClubHouseSnapPractice-frameworks.sh\"\n";
			showEnvVarsInLog = 0;
		};
		CF70DE517E6D496687931A7C /* [CP] Check Pods Manifest.lock */ = {
			isa = PBXShellScriptBuildPhase;
			buildActionMask = 2147483647;
			files = (
			);
			inputFileListPaths = (
			);
			inputPaths = (
				"${PODS_PODFILE_DIR_PATH}/Podfile.lock",
				"${PODS_ROOT}/Manifest.lock",
			);
			name = "[CP] Check Pods Manifest.lock";
			outputFileListPaths = (
			);
			outputPaths = (
				"$(DERIVED_FILE_DIR)/Pods-ClubHouseSnapPractice-checkManifestLockResult.txt",
			);
			runOnlyForDeploymentPostprocessing = 0;
			shellPath = /bin/sh;
			shellScript = "diff \"${PODS_PODFILE_DIR_PATH}/Podfile.lock\" \"${PODS_ROOT}/Manifest.lock\" > /dev/null\nif [ $? != 0 ] ; then\n    # print error to STDERR\n    echo \"error: The sandbox is not in sync with the Podfile.lock. Run 'pod install' or update your CocoaPods installation.\" >&2\n    exit 1\nfi\n# This output is used by Xcode 'outputs' to avoid re-running this script phase.\necho \"SUCCESS\" > \"${SCRIPT_OUTPUT_FILE_0}\"\n";
			showEnvVarsInLog = 0;
		};
/* End PBXShellScriptBuildPhase section */

/* Begin PBXSourcesBuildPhase section */
		117A7B0427DA2AED00CB62F4 /* Sources */ = {
			isa = PBXSourcesBuildPhase;
			buildActionMask = 2147483647;
			files = (
				117A7B1027DA2AED00CB62F4 /* ViewController.swift in Sources */,
				117A7B0C27DA2AED00CB62F4 /* AppDelegate.swift in Sources */,
				115173D927DCE39D00F6361B /* ExNSAttributedString.swift in Sources */,
				117A7B0E27DA2AED00CB62F4 /* SceneDelegate.swift in Sources */,
			);
			runOnlyForDeploymentPostprocessing = 0;
		};
/* End PBXSourcesBuildPhase section */

/* Begin XCBuildConfiguration section */
		117A7B1A27DA2AEF00CB62F4 /* Debug */ = {
			isa = XCBuildConfiguration;
			buildSettings = {
				ALWAYS_SEARCH_USER_PATHS = NO;
				CLANG_ANALYZER_NONNULL = YES;
				CLANG_ANALYZER_NUMBER_OBJECT_CONVERSION = YES_AGGRESSIVE;
				CLANG_CXX_LANGUAGE_STANDARD = "gnu++17";
				CLANG_CXX_LIBRARY = "libc++";
				CLANG_ENABLE_MODULES = YES;
				CLANG_ENABLE_OBJC_ARC = YES;
				CLANG_ENABLE_OBJC_WEAK = YES;
				CLANG_WARN_BLOCK_CAPTURE_AUTORELEASING = YES;
				CLANG_WARN_BOOL_CONVERSION = YES;
				CLANG_WARN_COMMA = YES;
				CLANG_WARN_CONSTANT_CONVERSION = YES;
				CLANG_WARN_DEPRECATED_OBJC_IMPLEMENTATIONS = YES;
				CLANG_WARN_DIRECT_OBJC_ISA_USAGE = YES_ERROR;
				CLANG_WARN_DOCUMENTATION_COMMENTS = YES;
				CLANG_WARN_EMPTY_BODY = YES;
				CLANG_WARN_ENUM_CONVERSION = YES;
				CLANG_WARN_INFINITE_RECURSION = YES;
				CLANG_WARN_INT_CONVERSION = YES;
				CLANG_WARN_NON_LITERAL_NULL_CONVERSION = YES;
				CLANG_WARN_OBJC_IMPLICIT_RETAIN_SELF = YES;
				CLANG_WARN_OBJC_LITERAL_CONVERSION = YES;
				CLANG_WARN_OBJC_ROOT_CLASS = YES_ERROR;
				CLANG_WARN_QUOTED_INCLUDE_IN_FRAMEWORK_HEADER = YES;
				CLANG_WARN_RANGE_LOOP_ANALYSIS = YES;
				CLANG_WARN_STRICT_PROTOTYPES = YES;
				CLANG_WARN_SUSPICIOUS_MOVE = YES;
				CLANG_WARN_UNGUARDED_AVAILABILITY = YES_AGGRESSIVE;
				CLANG_WARN_UNREACHABLE_CODE = YES;
				CLANG_WARN__DUPLICATE_METHOD_MATCH = YES;
				COPY_PHASE_STRIP = NO;
				DEBUG_INFORMATION_FORMAT = dwarf;
				ENABLE_STRICT_OBJC_MSGSEND = YES;
				ENABLE_TESTABILITY = YES;
				GCC_C_LANGUAGE_STANDARD = gnu11;
				GCC_DYNAMIC_NO_PIC = NO;
				GCC_NO_COMMON_BLOCKS = YES;
				GCC_OPTIMIZATION_LEVEL = 0;
				GCC_PREPROCESSOR_DEFINITIONS = (
					"DEBUG=1",
					"$(inherited)",
				);
				GCC_WARN_64_TO_32_BIT_CONVERSION = YES;
				GCC_WARN_ABOUT_RETURN_TYPE = YES_ERROR;
				GCC_WARN_UNDECLARED_SELECTOR = YES;
				GCC_WARN_UNINITIALIZED_AUTOS = YES_AGGRESSIVE;
				GCC_WARN_UNUSED_FUNCTION = YES;
				GCC_WARN_UNUSED_VARIABLE = YES;
				IPHONEOS_DEPLOYMENT_TARGET = 15.2;
				MTL_ENABLE_DEBUG_INFO = INCLUDE_SOURCE;
				MTL_FAST_MATH = YES;
				ONLY_ACTIVE_ARCH = YES;
				SDKROOT = iphoneos;
				SWIFT_ACTIVE_COMPILATION_CONDITIONS = DEBUG;
				SWIFT_OPTIMIZATION_LEVEL = "-Onone";
			};
			name = Debug;
		};
		117A7B1B27DA2AEF00CB62F4 /* Release */ = {
			isa = XCBuildConfiguration;
			buildSettings = {
				ALWAYS_SEARCH_USER_PATHS = NO;
				CLANG_ANALYZER_NONNULL = YES;
				CLANG_ANALYZER_NUMBER_OBJECT_CONVERSION = YES_AGGRESSIVE;
				CLANG_CXX_LANGUAGE_STANDARD = "gnu++17";
				CLANG_CXX_LIBRARY = "libc++";
				CLANG_ENABLE_MODULES = YES;
				CLANG_ENABLE_OBJC_ARC = YES;
				CLANG_ENABLE_OBJC_WEAK = YES;
				CLANG_WARN_BLOCK_CAPTURE_AUTORELEASING = YES;
				CLANG_WARN_BOOL_CONVERSION = YES;
				CLANG_WARN_COMMA = YES;
				CLANG_WARN_CONSTANT_CONVERSION = YES;
				CLANG_WARN_DEPRECATED_OBJC_IMPLEMENTATIONS = YES;
				CLANG_WARN_DIRECT_OBJC_ISA_USAGE = YES_ERROR;
				CLANG_WARN_DOCUMENTATION_COMMENTS = YES;
				CLANG_WARN_EMPTY_BODY = YES;
				CLANG_WARN_ENUM_CONVERSION = YES;
				CLANG_WARN_INFINITE_RECURSION = YES;
				CLANG_WARN_INT_CONVERSION = YES;
				CLANG_WARN_NON_LITERAL_NULL_CONVERSION = YES;
				CLANG_WARN_OBJC_IMPLICIT_RETAIN_SELF = YES;
				CLANG_WARN_OBJC_LITERAL_CONVERSION = YES;
				CLANG_WARN_OBJC_ROOT_CLASS = YES_ERROR;
				CLANG_WARN_QUOTED_INCLUDE_IN_FRAMEWORK_HEADER = YES;
				CLANG_WARN_RANGE_LOOP_ANALYSIS = YES;
				CLANG_WARN_STRICT_PROTOTYPES = YES;
				CLANG_WARN_SUSPICIOUS_MOVE = YES;
				CLANG_WARN_UNGUARDED_AVAILABILITY = YES_AGGRESSIVE;
				CLANG_WARN_UNREACHABLE_CODE = YES;
				CLANG_WARN__DUPLICATE_METHOD_MATCH = YES;
				COPY_PHASE_STRIP = NO;
				DEBUG_INFORMATION_FORMAT = "dwarf-with-dsym";
				ENABLE_NS_ASSERTIONS = NO;
				ENABLE_STRICT_OBJC_MSGSEND = YES;
				GCC_C_LANGUAGE_STANDARD = gnu11;
				GCC_NO_COMMON_BLOCKS = YES;
				GCC_WARN_64_TO_32_BIT_CONVERSION = YES;
				GCC_WARN_ABOUT_RETURN_TYPE = YES_ERROR;
				GCC_WARN_UNDECLARED_SELECTOR = YES;
				GCC_WARN_UNINITIALIZED_AUTOS = YES_AGGRESSIVE;
				GCC_WARN_UNUSED_FUNCTION = YES;
				GCC_WARN_UNUSED_VARIABLE = YES;
				IPHONEOS_DEPLOYMENT_TARGET = 15.2;
				MTL_ENABLE_DEBUG_INFO = NO;
				MTL_FAST_MATH = YES;
				SDKROOT = iphoneos;
				SWIFT_COMPILATION_MODE = wholemodule;
				SWIFT_OPTIMIZATION_LEVEL = "-O";
				VALIDATE_PRODUCT = YES;
			};
			name = Release;
		};
		117A7B1D27DA2AEF00CB62F4 /* Debug */ = {
			isa = XCBuildConfiguration;
			baseConfigurationReference = 911729AD8651E6E110EE4910 /* Pods-ClubHouseSnapPractice.debug.xcconfig */;
			buildSettings = {
				ASSETCATALOG_COMPILER_APPICON_NAME = AppIcon;
				ASSETCATALOG_COMPILER_GLOBAL_ACCENT_COLOR_NAME = AccentColor;
				ASSETCATALOG_COMPILER_INCLUDE_ALL_APPICON_ASSETS = YES;
				CODE_SIGN_STYLE = Automatic;
				CURRENT_PROJECT_VERSION = 1;
				DEVELOPMENT_TEAM = 8BFJ4VQ97J;
				GENERATE_INFOPLIST_FILE = YES;
				INFOPLIST_FILE = ClubHouseSnapPractice/Info.plist;
				INFOPLIST_KEY_UIApplicationSupportsIndirectInputEvents = YES;
				INFOPLIST_KEY_UILaunchStoryboardName = LaunchScreen;
				INFOPLIST_KEY_UISupportedInterfaceOrientations = UIInterfaceOrientationPortrait;
				INFOPLIST_KEY_UISupportedInterfaceOrientations_iPad = "UIInterfaceOrientationPortrait UIInterfaceOrientationPortraitUpsideDown UIInterfaceOrientationLandscapeLeft UIInterfaceOrientationLandscapeRight";
				INFOPLIST_KEY_UISupportedInterfaceOrientations_iPhone = "UIInterfaceOrientationPortrait UIInterfaceOrientationLandscapeLeft UIInterfaceOrientationLandscapeRight";
				IPHONEOS_DEPLOYMENT_TARGET = 15.0;
				LD_RUNPATH_SEARCH_PATHS = (
					"$(inherited)",
					"@executable_path/Frameworks",
				);
				MARKETING_VERSION = 1.0;
				PRODUCT_BUNDLE_IDENTIFIER = com.practice.ClubHouseSnapPractice;
				PRODUCT_NAME = "$(TARGET_NAME)";
				SWIFT_EMIT_LOC_STRINGS = YES;
				SWIFT_VERSION = 5.0;
				TARGETED_DEVICE_FAMILY = 1;
			};
			name = Debug;
		};
		117A7B1E27DA2AEF00CB62F4 /* Release */ = {
			isa = XCBuildConfiguration;
			baseConfigurationReference = 1363B860778CD788A054C690 /* Pods-ClubHouseSnapPractice.release.xcconfig */;
			buildSettings = {
				ASSETCATALOG_COMPILER_APPICON_NAME = AppIcon;
				ASSETCATALOG_COMPILER_GLOBAL_ACCENT_COLOR_NAME = AccentColor;
				ASSETCATALOG_COMPILER_INCLUDE_ALL_APPICON_ASSETS = YES;
				CODE_SIGN_STYLE = Automatic;
				CURRENT_PROJECT_VERSION = 1;
				DEVELOPMENT_TEAM = 8BFJ4VQ97J;
				GENERATE_INFOPLIST_FILE = YES;
				INFOPLIST_FILE = ClubHouseSnapPractice/Info.plist;
				INFOPLIST_KEY_UIApplicationSupportsIndirectInputEvents = YES;
				INFOPLIST_KEY_UILaunchStoryboardName = LaunchScreen;
				INFOPLIST_KEY_UISupportedInterfaceOrientations = UIInterfaceOrientationPortrait;
				INFOPLIST_KEY_UISupportedInterfaceOrientations_iPad = "UIInterfaceOrientationPortrait UIInterfaceOrientationPortraitUpsideDown UIInterfaceOrientationLandscapeLeft UIInterfaceOrientationLandscapeRight";
				INFOPLIST_KEY_UISupportedInterfaceOrientations_iPhone = "UIInterfaceOrientationPortrait UIInterfaceOrientationLandscapeLeft UIInterfaceOrientationLandscapeRight";
				IPHONEOS_DEPLOYMENT_TARGET = 15.0;
				LD_RUNPATH_SEARCH_PATHS = (
					"$(inherited)",
					"@executable_path/Frameworks",
				);
				MARKETING_VERSION = 1.0;
				PRODUCT_BUNDLE_IDENTIFIER = com.practice.ClubHouseSnapPractice;
				PRODUCT_NAME = "$(TARGET_NAME)";
				SWIFT_EMIT_LOC_STRINGS = YES;
				SWIFT_VERSION = 5.0;
				TARGETED_DEVICE_FAMILY = 1;
			};
			name = Release;
		};
/* End XCBuildConfiguration section */

/* Begin XCConfigurationList section */
		117A7B0327DA2AED00CB62F4 /* Build configuration list for PBXProject "ClubHouseSnapPractice" */ = {
			isa = XCConfigurationList;
			buildConfigurations = (
				117A7B1A27DA2AEF00CB62F4 /* Debug */,
				117A7B1B27DA2AEF00CB62F4 /* Release */,
			);
			defaultConfigurationIsVisible = 0;
			defaultConfigurationName = Release;
		};
		117A7B1C27DA2AEF00CB62F4 /* Build configuration list for PBXNativeTarget "ClubHouseSnapPractice" */ = {
			isa = XCConfigurationList;
			buildConfigurations = (
				117A7B1D27DA2AEF00CB62F4 /* Debug */,
				117A7B1E27DA2AEF00CB62F4 /* Release */,
			);
			defaultConfigurationIsVisible = 0;
			defaultConfigurationName = Release;
		};
/* End XCConfigurationList section */
	};
	rootObject = 117A7B0027DA2AED00CB62F4 /* Project object */;
}
